// !$*UTF8*$!
{
	archiveVersion = 1;
	classes = {
	};
	objectVersion = 46;
	objects = {

/* Begin PBXBuildFile section */
		0E31BE4C1C493A6C00EAD45A /* AppDelegate.swift in Sources */ = {isa = PBXBuildFile; fileRef = 0E31BE4B1C493A6C00EAD45A /* AppDelegate.swift */; };
		0E31BE511C493A6C00EAD45A /* Main.storyboard in Resources */ = {isa = PBXBuildFile; fileRef = 0E31BE4F1C493A6C00EAD45A /* Main.storyboard */; };
		0E31BE541C493A6C00EAD45A /* HelloWorld.xcdatamodeld in Sources */ = {isa = PBXBuildFile; fileRef = 0E31BE521C493A6C00EAD45A /* HelloWorld.xcdatamodeld */; };
		0E31BE561C493A6C00EAD45A /* Assets.xcassets in Resources */ = {isa = PBXBuildFile; fileRef = 0E31BE551C493A6C00EAD45A /* Assets.xcassets */; };
		0E31BE591C493A6C00EAD45A /* LaunchScreen.storyboard in Resources */ = {isa = PBXBuildFile; fileRef = 0E31BE571C493A6C00EAD45A /* LaunchScreen.storyboard */; };
		0E31BE641C493A6D00EAD45A /* HelloWorldTests.swift in Sources */ = {isa = PBXBuildFile; fileRef = 0E31BE631C493A6D00EAD45A /* HelloWorldTests.swift */; };
		0E31BE6F1C493A6D00EAD45A /* HelloWorldUITests.swift in Sources */ = {isa = PBXBuildFile; fileRef = 0E31BE6E1C493A6D00EAD45A /* HelloWorldUITests.swift */; };
		0E31BE7D1C4A940800EAD45A /* SearchResultsViewController.swift in Sources */ = {isa = PBXBuildFile; fileRef = 0E31BE4D1C493A6C00EAD45A /* SearchResultsViewController.swift */; };
		0E7E4A861C6E71BE00E1D6B7 /* Blank52.png in Resources */ = {isa = PBXBuildFile; fileRef = 0E7E4A851C6E71BE00E1D6B7 /* Blank52.png */; };
		0E96AC7F1C4D4263009F9850 /* APIController.swift in Sources */ = {isa = PBXBuildFile; fileRef = 0E96AC7E1C4D4263009F9850 /* APIController.swift */; };
		0EE712781C6F53390086F40F /* Album.swift in Sources */ = {isa = PBXBuildFile; fileRef = 0EE712771C6F53390086F40F /* Album.swift */; };
		0EE7127A1C6F64A80086F40F /* DetailViewController.swift in Sources */ = {isa = PBXBuildFile; fileRef = 0EE712791C6F64A80086F40F /* DetailViewController.swift */; };
/* End PBXBuildFile section */

/* Begin PBXContainerItemProxy section */
		0E31BE601C493A6D00EAD45A /* PBXContainerItemProxy */ = {
			isa = PBXContainerItemProxy;
			containerPortal = 0E31BE401C493A6C00EAD45A /* Project object */;
			proxyType = 1;
			remoteGlobalIDString = 0E31BE471C493A6C00EAD45A;
			remoteInfo = HelloWorld;
		};
		0E31BE6B1C493A6D00EAD45A /* PBXContainerItemProxy */ = {
			isa = PBXContainerItemProxy;
			containerPortal = 0E31BE401C493A6C00EAD45A /* Project object */;
			proxyType = 1;
			remoteGlobalIDString = 0E31BE471C493A6C00EAD45A;
			remoteInfo = HelloWorld;
		};
/* End PBXContainerItemProxy section */

/* Begin PBXFileReference section */
		0E31BE481C493A6C00EAD45A /* HelloWorld.app */ = {isa = PBXFileReference; explicitFileType = wrapper.application; includeInIndex = 0; path = HelloWorld.app; sourceTree = BUILT_PRODUCTS_DIR; };
		0E31BE4B1C493A6C00EAD45A /* AppDelegate.swift */ = {isa = PBXFileReference; lastKnownFileType = sourcecode.swift; path = AppDelegate.swift; sourceTree = "<group>"; };
		0E31BE4D1C493A6C00EAD45A /* SearchResultsViewController.swift */ = {isa = PBXFileReference; lastKnownFileType = sourcecode.swift; path = SearchResultsViewController.swift; sourceTree = "<group>"; };
		0E31BE501C493A6C00EAD45A /* Base */ = {isa = PBXFileReference; lastKnownFileType = file.storyboard; name = Base; path = Base.lproj/Main.storyboard; sourceTree = "<group>"; };
		0E31BE531C493A6C00EAD45A /* HelloWorld.xcdatamodel */ = {isa = PBXFileReference; lastKnownFileType = wrapper.xcdatamodel; path = HelloWorld.xcdatamodel; sourceTree = "<group>"; };
		0E31BE551C493A6C00EAD45A /* Assets.xcassets */ = {isa = PBXFileReference; lastKnownFileType = folder.assetcatalog; path = Assets.xcassets; sourceTree = "<group>"; };
		0E31BE581C493A6C00EAD45A /* Base */ = {isa = PBXFileReference; lastKnownFileType = file.storyboard; name = Base; path = Base.lproj/LaunchScreen.storyboard; sourceTree = "<group>"; };
		0E31BE5A1C493A6C00EAD45A /* Info.plist */ = {isa = PBXFileReference; lastKnownFileType = text.plist.xml; path = Info.plist; sourceTree = "<group>"; };
		0E31BE5F1C493A6D00EAD45A /* HelloWorldTests.xctest */ = {isa = PBXFileReference; explicitFileType = wrapper.cfbundle; includeInIndex = 0; path = HelloWorldTests.xctest; sourceTree = BUILT_PRODUCTS_DIR; };
		0E31BE631C493A6D00EAD45A /* HelloWorldTests.swift */ = {isa = PBXFileReference; lastKnownFileType = sourcecode.swift; path = HelloWorldTests.swift; sourceTree = "<group>"; };
		0E31BE651C493A6D00EAD45A /* Info.plist */ = {isa = PBXFileReference; lastKnownFileType = text.plist.xml; path = Info.plist; sourceTree = "<group>"; };
		0E31BE6A1C493A6D00EAD45A /* HelloWorldUITests.xctest */ = {isa = PBXFileReference; explicitFileType = wrapper.cfbundle; includeInIndex = 0; path = HelloWorldUITests.xctest; sourceTree = BUILT_PRODUCTS_DIR; };
		0E31BE6E1C493A6D00EAD45A /* HelloWorldUITests.swift */ = {isa = PBXFileReference; lastKnownFileType = sourcecode.swift; path = HelloWorldUITests.swift; sourceTree = "<group>"; };
		0E31BE701C493A6D00EAD45A /* Info.plist */ = {isa = PBXFileReference; lastKnownFileType = text.plist.xml; path = Info.plist; sourceTree = "<group>"; };
		0E7E4A851C6E71BE00E1D6B7 /* Blank52.png */ = {isa = PBXFileReference; lastKnownFileType = image.png; path = Blank52.png; sourceTree = "<group>"; };
		0E96AC7E1C4D4263009F9850 /* APIController.swift */ = {isa = PBXFileReference; fileEncoding = 4; lastKnownFileType = sourcecode.swift; path = APIController.swift; sourceTree = "<group>"; };
		0EE712771C6F53390086F40F /* Album.swift */ = {isa = PBXFileReference; fileEncoding = 4; lastKnownFileType = sourcecode.swift; path = Album.swift; sourceTree = "<group>"; };
		0EE712791C6F64A80086F40F /* DetailViewController.swift */ = {isa = PBXFileReference; fileEncoding = 4; lastKnownFileType = sourcecode.swift; path = DetailViewController.swift; sourceTree = "<group>"; };
/* End PBXFileReference section */

/* Begin PBXFrameworksBuildPhase section */
		0E31BE451C493A6C00EAD45A /* Frameworks */ = {
			isa = PBXFrameworksBuildPhase;
			buildActionMask = 2147483647;
			files = (
			);
			runOnlyForDeploymentPostprocessing = 0;
		};
		0E31BE5C1C493A6D00EAD45A /* Frameworks */ = {
			isa = PBXFrameworksBuildPhase;
			buildActionMask = 2147483647;
			files = (
			);
			runOnlyForDeploymentPostprocessing = 0;
		};
		0E31BE671C493A6D00EAD45A /* Frameworks */ = {
			isa = PBXFrameworksBuildPhase;
			buildActionMask = 2147483647;
			files = (
			);
			runOnlyForDeploymentPostprocessing = 0;
		};
/* End PBXFrameworksBuildPhase section */

/* Begin PBXGroup section */
		0E31BE3F1C493A6C00EAD45A = {
			isa = PBXGroup;
			children = (
				0E31BE4A1C493A6C00EAD45A /* HelloWorld */,
				0E31BE621C493A6D00EAD45A /* HelloWorldTests */,
				0E31BE6D1C493A6D00EAD45A /* HelloWorldUITests */,
				0E31BE491C493A6C00EAD45A /* Products */,
			);
			sourceTree = "<group>";
		};
		0E31BE491C493A6C00EAD45A /* Products */ = {
			isa = PBXGroup;
			children = (
				0E31BE481C493A6C00EAD45A /* HelloWorld.app */,
				0E31BE5F1C493A6D00EAD45A /* HelloWorldTests.xctest */,
				0E31BE6A1C493A6D00EAD45A /* HelloWorldUITests.xctest */,
			);
			name = Products;
			sourceTree = "<group>";
		};
		0E31BE4A1C493A6C00EAD45A /* HelloWorld */ = {
			isa = PBXGroup;
			children = (
				0E7E4A851C6E71BE00E1D6B7 /* Blank52.png */,
				0E31BE4B1C493A6C00EAD45A /* AppDelegate.swift */,
				0E31BE4D1C493A6C00EAD45A /* SearchResultsViewController.swift */,
				0EE712791C6F64A80086F40F /* DetailViewController.swift */,
				0E96AC7E1C4D4263009F9850 /* APIController.swift */,
				0EE712771C6F53390086F40F /* Album.swift */,
				0E31BE4F1C493A6C00EAD45A /* Main.storyboard */,
				0E31BE551C493A6C00EAD45A /* Assets.xcassets */,
				0E31BE571C493A6C00EAD45A /* LaunchScreen.storyboard */,
				0E31BE5A1C493A6C00EAD45A /* Info.plist */,
				0E31BE521C493A6C00EAD45A /* HelloWorld.xcdatamodeld */,
			);
			path = HelloWorld;
			sourceTree = "<group>";
		};
		0E31BE621C493A6D00EAD45A /* HelloWorldTests */ = {
			isa = PBXGroup;
			children = (
				0E31BE631C493A6D00EAD45A /* HelloWorldTests.swift */,
				0E31BE651C493A6D00EAD45A /* Info.plist */,
			);
			path = HelloWorldTests;
			sourceTree = "<group>";
		};
		0E31BE6D1C493A6D00EAD45A /* HelloWorldUITests */ = {
			isa = PBXGroup;
			children = (
				0E31BE6E1C493A6D00EAD45A /* HelloWorldUITests.swift */,
				0E31BE701C493A6D00EAD45A /* Info.plist */,
			);
			path = HelloWorldUITests;
			sourceTree = "<group>";
		};
/* End PBXGroup section */

/* Begin PBXNativeTarget section */
		0E31BE471C493A6C00EAD45A /* HelloWorld */ = {
			isa = PBXNativeTarget;
			buildConfigurationList = 0E31BE731C493A6D00EAD45A /* Build configuration list for PBXNativeTarget "HelloWorld" */;
			buildPhases = (
				0E31BE441C493A6C00EAD45A /* Sources */,
				0E31BE451C493A6C00EAD45A /* Frameworks */,
				0E31BE461C493A6C00EAD45A /* Resources */,
			);
			buildRules = (
			);
			dependencies = (
			);
			name = HelloWorld;
			productName = HelloWorld;
			productReference = 0E31BE481C493A6C00EAD45A /* HelloWorld.app */;
			productType = "com.apple.product-type.application";
		};
		0E31BE5E1C493A6D00EAD45A /* HelloWorldTests */ = {
			isa = PBXNativeTarget;
			buildConfigurationList = 0E31BE761C493A6D00EAD45A /* Build configuration list for PBXNativeTarget "HelloWorldTests" */;
			buildPhases = (
				0E31BE5B1C493A6D00EAD45A /* Sources */,
				0E31BE5C1C493A6D00EAD45A /* Frameworks */,
				0E31BE5D1C493A6D00EAD45A /* Resources */,
			);
			buildRules = (
			);
			dependencies = (
				0E31BE611C493A6D00EAD45A /* PBXTargetDependency */,
			);
			name = HelloWorldTests;
			productName = HelloWorldTests;
			productReference = 0E31BE5F1C493A6D00EAD45A /* HelloWorldTests.xctest */;
			productType = "com.apple.product-type.bundle.unit-test";
		};
		0E31BE691C493A6D00EAD45A /* HelloWorldUITests */ = {
			isa = PBXNativeTarget;
			buildConfigurationList = 0E31BE791C493A6D00EAD45A /* Build configuration list for PBXNativeTarget "HelloWorldUITests" */;
			buildPhases = (
				0E31BE661C493A6D00EAD45A /* Sources */,
				0E31BE671C493A6D00EAD45A /* Frameworks */,
				0E31BE681C493A6D00EAD45A /* Resources */,
			);
			buildRules = (
			);
			dependencies = (
				0E31BE6C1C493A6D00EAD45A /* PBXTargetDependency */,
			);
			name = HelloWorldUITests;
			productName = HelloWorldUITests;
			productReference = 0E31BE6A1C493A6D00EAD45A /* HelloWorldUITests.xctest */;
			productType = "com.apple.product-type.bundle.ui-testing";
		};
/* End PBXNativeTarget section */

/* Begin PBXProject section */
		0E31BE401C493A6C00EAD45A /* Project object */ = {
			isa = PBXProject;
			attributes = {
				LastSwiftUpdateCheck = 0720;
				LastUpgradeCheck = 0720;
				ORGANIZATIONNAME = "Laagad El Mehdi";
				TargetAttributes = {
					0E31BE471C493A6C00EAD45A = {
						CreatedOnToolsVersion = 7.2;
						DevelopmentTeam = GP264XATVK;
					};
					0E31BE5E1C493A6D00EAD45A = {
						CreatedOnToolsVersion = 7.2;
						TestTargetID = 0E31BE471C493A6C00EAD45A;
					};
					0E31BE691C493A6D00EAD45A = {
						CreatedOnToolsVersion = 7.2;
						TestTargetID = 0E31BE471C493A6C00EAD45A;
					};
				};
			};
			buildConfigurationList = 0E31BE431C493A6C00EAD45A /* Build configuration list for PBXProject "HelloWorld" */;
			compatibilityVersion = "Xcode 3.2";
			developmentRegion = English;
			hasScannedForEncodings = 0;
			knownRegions = (
				en,
				Base,
			);
			mainGroup = 0E31BE3F1C493A6C00EAD45A;
			productRefGroup = 0E31BE491C493A6C00EAD45A /* Products */;
			projectDirPath = "";
			projectRoot = "";
			targets = (
				0E31BE471C493A6C00EAD45A /* HelloWorld */,
				0E31BE5E1C493A6D00EAD45A /* HelloWorldTests */,
				0E31BE691C493A6D00EAD45A /* HelloWorldUITests */,
			);
		};
/* End PBXProject section */

/* Begin PBXResourcesBuildPhase section */
		0E31BE461C493A6C00EAD45A /* Resources */ = {
			isa = PBXResourcesBuildPhase;
			buildActionMask = 2147483647;
			files = (
				0E31BE591C493A6C00EAD45A /* LaunchScreen.storyboard in Resources */,
				0E7E4A861C6E71BE00E1D6B7 /* Blank52.png in Resources */,
				0E31BE561C493A6C00EAD45A /* Assets.xcassets in Resources */,
				0E31BE511C493A6C00EAD45A /* Main.storyboard in Resources */,
			);
			runOnlyForDeploymentPostprocessing = 0;
		};
		0E31BE5D1C493A6D00EAD45A /* Resources */ = {
			isa = PBXResourcesBuildPhase;
			buildActionMask = 2147483647;
			files = (
			);
			runOnlyForDeploymentPostprocessing = 0;
		};
		0E31BE681C493A6D00EAD45A /* Resources */ = {
			isa = PBXResourcesBuildPhase;
			buildActionMask = 2147483647;
			files = (
			);
			runOnlyForDeploymentPostprocessing = 0;
		};
/* End PBXResourcesBuildPhase section */

/* Begin PBXSourcesBuildPhase section */
		0E31BE441C493A6C00EAD45A /* Sources */ = {
			isa = PBXSourcesBuildPhase;
			buildActionMask = 2147483647;
			files = (
				0E96AC7F1C4D4263009F9850 /* APIController.swift in Sources */,
				0E31BE7D1C4A940800EAD45A /* SearchResultsViewController.swift in Sources */,
				0E31BE541C493A6C00EAD45A /* HelloWorld.xcdatamodeld in Sources */,
				0EE7127A1C6F64A80086F40F /* DetailViewController.swift in Sources */,
				0E31BE4C1C493A6C00EAD45A /* AppDelegate.swift in Sources */,
				0EE712781C6F53390086F40F /* Album.swift in Sources */,
			);
			runOnlyForDeploymentPostprocessing = 0;
		};
		0E31BE5B1C493A6D00EAD45A /* Sources */ = {
			isa = PBXSourcesBuildPhase;
			buildActionMask = 2147483647;
			files = (
				0E31BE641C493A6D00EAD45A /* HelloWorldTests.swift in Sources */,
			);
			runOnlyForDeploymentPostprocessing = 0;
		};
		0E31BE661C493A6D00EAD45A /* Sources */ = {
			isa = PBXSourcesBuildPhase;
			buildActionMask = 2147483647;
			files = (
				0E31BE6F1C493A6D00EAD45A /* HelloWorldUITests.swift in Sources */,
			);
			runOnlyForDeploymentPostprocessing = 0;
		};
/* End PBXSourcesBuildPhase section */

/* Begin PBXTargetDependency section */
		0E31BE611C493A6D00EAD45A /* PBXTargetDependency */ = {
			isa = PBXTargetDependency;
			target = 0E31BE471C493A6C00EAD45A /* HelloWorld */;
			targetProxy = 0E31BE601C493A6D00EAD45A /* PBXContainerItemProxy */;
		};
		0E31BE6C1C493A6D00EAD45A /* PBXTargetDependency */ = {
			isa = PBXTargetDependency;
			target = 0E31BE471C493A6C00EAD45A /* HelloWorld */;
			targetProxy = 0E31BE6B1C493A6D00EAD45A /* PBXContainerItemProxy */;
		};
/* End PBXTargetDependency section */

/* Begin PBXVariantGroup section */
		0E31BE4F1C493A6C00EAD45A /* Main.storyboard */ = {
			isa = PBXVariantGroup;
			children = (
				0E31BE501C493A6C00EAD45A /* Base */,
			);
			name = Main.storyboard;
			sourceTree = "<group>";
		};
		0E31BE571C493A6C00EAD45A /* LaunchScreen.storyboard */ = {
			isa = PBXVariantGroup;
			children = (
				0E31BE581C493A6C00EAD45A /* Base */,
			);
			name = LaunchScreen.storyboard;
			sourceTree = "<group>";
		};
/* End PBXVariantGroup section */

/* Begin XCBuildConfiguration section */
		0E31BE711C493A6D00EAD45A /* Debug */ = {
			isa = XCBuildConfiguration;
			buildSettings = {
				ALWAYS_SEARCH_USER_PATHS = NO;
				CLANG_CXX_LANGUAGE_STANDARD = "gnu++0x";
				CLANG_CXX_LIBRARY = "libc++";
				CLANG_ENABLE_MODULES = YES;
				CLANG_ENABLE_OBJC_ARC = YES;
				CLANG_WARN_BOOL_CONVERSION = YES;
				CLANG_WARN_CONSTANT_CONVERSION = YES;
				CLANG_WARN_DIRECT_OBJC_ISA_USAGE = YES_ERROR;
				CLANG_WARN_EMPTY_BODY = YES;
				CLANG_WARN_ENUM_CONVERSION = YES;
				CLANG_WARN_INT_CONVERSION = YES;
				CLANG_WARN_OBJC_ROOT_CLASS = YES_ERROR;
				CLANG_WARN_UNREACHABLE_CODE = YES;
				CLANG_WARN__DUPLICATE_METHOD_MATCH = YES;
				"CODE_SIGN_IDENTITY[sdk=iphoneos*]" = "iPhone Developer";
				COPY_PHASE_STRIP = NO;
				DEBUG_INFORMATION_FORMAT = dwarf;
				ENABLE_STRICT_OBJC_MSGSEND = YES;
				ENABLE_TESTABILITY = YES;
				GCC_C_LANGUAGE_STANDARD = gnu99;
				GCC_DYNAMIC_NO_PIC = NO;
				GCC_NO_COMMON_BLOCKS = YES;
				GCC_OPTIMIZATION_LEVEL = 0;
				GCC_PREPROCESSOR_DEFINITIONS = (
					"DEBUG=1",
					"$(inherited)",
				);
				GCC_WARN_64_TO_32_BIT_CONVERSION = YES;
				GCC_WARN_ABOUT_RETURN_TYPE = YES_ERROR;
				GCC_WARN_UNDECLARED_SELECTOR = YES;
				GCC_WARN_UNINITIALIZED_AUTOS = YES_AGGRESSIVE;
				GCC_WARN_UNUSED_FUNCTION = YES;
				GCC_WARN_UNUSED_VARIABLE = YES;
				IPHONEOS_DEPLOYMENT_TARGET = 8.0;
				MTL_ENABLE_DEBUG_INFO = YES;
				ONLY_ACTIVE_ARCH = YES;
				SDKROOT = iphoneos;
				SWIFT_OPTIMIZATION_LEVEL = "-Onone";
			};
			name = Debug;
		};
		0E31BE721C493A6D00EAD45A /* Release */ = {
			isa = XCBuildConfiguration;
			buildSettings = {
				ALWAYS_SEARCH_USER_PATHS = NO;
				CLANG_CXX_LANGUAGE_STANDARD = "gnu++0x";
				CLANG_CXX_LIBRARY = "libc++";
				CLANG_ENABLE_MODULES = YES;
				CLANG_ENABLE_OBJC_ARC = YES;
				CLANG_WARN_BOOL_CONVERSION = YES;
				CLANG_WARN_CONSTANT_CONVERSION = YES;
				CLANG_WARN_DIRECT_OBJC_ISA_USAGE = YES_ERROR;
				CLANG_WARN_EMPTY_BODY = YES;
				CLANG_WARN_ENUM_CONVERSION = YES;
				CLANG_WARN_INT_CONVERSION = YES;
				CLANG_WARN_OBJC_ROOT_CLASS = YES_ERROR;
				CLANG_WARN_UNREACHABLE_CODE = YES;
				CLANG_WARN__DUPLICATE_METHOD_MATCH = YES;
				"CODE_SIGN_IDENTITY[sdk=iphoneos*]" = "iPhone Developer";
				COPY_PHASE_STRIP = NO;
				DEBUG_INFORMATION_FORMAT = "dwarf-with-dsym";
				ENABLE_NS_ASSERTIONS = NO;
				ENABLE_STRICT_OBJC_MSGSEND = YES;
				GCC_C_LANGUAGE_STANDARD = gnu99;
				GCC_NO_COMMON_BLOCKS = YES;
				GCC_WARN_64_TO_32_BIT_CONVERSION = YES;
				GCC_WARN_ABOUT_RETURN_TYPE = YES_ERROR;
				GCC_WARN_UNDECLARED_SELECTOR = YES;
				GCC_WARN_UNINITIALIZED_AUTOS = YES_AGGRESSIVE;
				GCC_WARN_UNUSED_FUNCTION = YES;
				GCC_WARN_UNUSED_VARIABLE = YES;
				IPHONEOS_DEPLOYMENT_TARGET = 8.0;
				MTL_ENABLE_DEBUG_INFO = NO;
				SDKROOT = iphoneos;
				VALIDATE_PRODUCT = YES;
			};
			name = Release;
		};
		0E31BE741C493A6D00EAD45A /* Debug */ = {
			isa = XCBuildConfiguration;
			buildSettings = {
				ASSETCATALOG_COMPILER_APPICON_NAME = AppIcon;
				CODE_SIGN_IDENTITY = "iPhone Developer";
				"CODE_SIGN_IDENTITY[sdk=iphoneos*]" = "iPhone Developer";
				INFOPLIST_FILE = HelloWorld/Info.plist;
				LD_RUNPATH_SEARCH_PATHS = "$(inherited) @executable_path/Frameworks";
				PRODUCT_BUNDLE_IDENTIFIER = elmehdilaagad.HelloWorld;
				PRODUCT_NAME = "$(TARGET_NAME)";
				PROVISIONING_PROFILE = "";
			};
			name = Debug;
		};
		0E31BE751C493A6D00EAD45A /* Release */ = {
			isa = XCBuildConfiguration;
			buildSettings = {
				ASSETCATALOG_COMPILER_APPICON_NAME = AppIcon;
				CODE_SIGN_IDENTITY = "iPhone Developer";
				"CODE_SIGN_IDENTITY[sdk=iphoneos*]" = "iPhone Developer";
				INFOPLIST_FILE = HelloWorld/Info.plist;
				LD_RUNPATH_SEARCH_PATHS = "$(inherited) @executable_path/Frameworks";
				PRODUCT_BUNDLE_IDENTIFIER = elmehdilaagad.HelloWorld;
				PRODUCT_NAME = "$(TARGET_NAME)";
				PROVISIONING_PROFILE = "";
			};
			name = Release;
		};
		0E31BE771C493A6D00EAD45A /* Debug */ = {
			isa = XCBuildConfiguration;
			buildSettings = {
				BUNDLE_LOADER = "$(TEST_HOST)";
				INFOPLIST_FILE = HelloWorldTests/Info.plist;
				LD_RUNPATH_SEARCH_PATHS = "$(inherited) @executable_path/Frameworks @loader_path/Frameworks";
				PRODUCT_BUNDLE_IDENTIFIER = elmehdilaagad.HelloWorldTests;
				PRODUCT_NAME = "$(TARGET_NAME)";
				TEST_HOST = "$(BUILT_PRODUCTS_DIR)/HelloWorld.app/HelloWorld";
			};
			name = Debug;
		};
		0E31BE781C493A6D00EAD45A /* Release */ = {
			isa = XCBuildConfiguration;
			buildSettings = {
				BUNDLE_LOADER = "$(TEST_HOST)";
				INFOPLIST_FILE = HelloWorldTests/Info.plist;
				LD_RUNPATH_SEARCH_PATHS = "$(inherited) @executable_path/Frameworks @loader_path/Frameworks";
				PRODUCT_BUNDLE_IDENTIFIER = elmehdilaagad.HelloWorldTests;
				PRODUCT_NAME = "$(TARGET_NAME)";
				TEST_HOST = "$(BUILT_PRODUCTS_DIR)/HelloWorld.app/HelloWorld";
			};
			name = Release;
		};
		0E31BE7A1C493A6D00EAD45A /* Debug */ = {
			isa = XCBuildConfiguration;
			buildSettings = {
				INFOPLIST_FILE = HelloWorldUITests/Info.plist;
				LD_RUNPATH_SEARCH_PATHS = "$(inherited) @executable_path/Frameworks @loader_path/Frameworks";
				PRODUCT_BUNDLE_IDENTIFIER = elmehdilaagad.HelloWorldUITests;
				PRODUCT_NAME = "$(TARGET_NAME)";
				TEST_TARGET_NAME = HelloWorld;
				USES_XCTRUNNER = YES;
			};
			name = Debug;
		};
		0E31BE7B1C493A6D00EAD45A /* Release */ = {
			isa = XCBuildConfiguration;
			buildSettings = {
				INFOPLIST_FILE = HelloWorldUITests/Info.plist;
				LD_RUNPATH_SEARCH_PATHS = "$(inherited) @executable_path/Frameworks @loader_path/Frameworks";
				PRODUCT_BUNDLE_IDENTIFIER = elmehdilaagad.HelloWorldUITests;
				PRODUCT_NAME = "$(TARGET_NAME)";
				TEST_TARGET_NAME = HelloWorld;
				USES_XCTRUNNER = YES;
			};
			name = Release;
		};
/* End XCBuildConfiguration section */

/* Begin XCConfigurationList section */
		0E31BE431C493A6C00EAD45A /* Build configuration list for PBXProject "HelloWorld" */ = {
			isa = XCConfigurationList;
			buildConfigurations = (
				0E31BE711C493A6D00EAD45A /* Debug */,
				0E31BE721C493A6D00EAD45A /* Release */,
			);
			defaultConfigurationIsVisible = 0;
			defaultConfigurationName = Release;
		};
		0E31BE731C493A6D00EAD45A /* Build configuration list for PBXNativeTarget "HelloWorld" */ = {
			isa = XCConfigurationList;
			buildConfigurations = (
				0E31BE741C493A6D00EAD45A /* Debug */,
				0E31BE751C493A6D00EAD45A /* Release */,
			);
			defaultConfigurationIsVisible = 0;
			defaultConfigurationName = Release;
		};
		0E31BE761C493A6D00EAD45A /* Build configuration list for PBXNativeTarget "HelloWorldTests" */ = {
			isa = XCConfigurationList;
			buildConfigurations = (
				0E31BE771C493A6D00EAD45A /* Debug */,
				0E31BE781C493A6D00EAD45A /* Release */,
			);
			defaultConfigurationIsVisible = 0;
			defaultConfigurationName = Release;
		};
		0E31BE791C493A6D00EAD45A /* Build configuration list for PBXNativeTarget "HelloWorldUITests" */ = {
			isa = XCConfigurationList;
			buildConfigurations = (
				0E31BE7A1C493A6D00EAD45A /* Debug */,
				0E31BE7B1C493A6D00EAD45A /* Release */,
			);
			defaultConfigurationIsVisible = 0;
			defaultConfigurationName = Release;
		};
/* End XCConfigurationList section */

/* Begin XCVersionGroup section */
		0E31BE521C493A6C00EAD45A /* HelloWorld.xcdatamodeld */ = {
			isa = XCVersionGroup;
			children = (
				0E31BE531C493A6C00EAD45A /* HelloWorld.xcdatamodel */,
			);
			currentVersion = 0E31BE531C493A6C00EAD45A /* HelloWorld.xcdatamodel */;
			path = HelloWorld.xcdatamodeld;
			sourceTree = "<group>";
			versionGroupType = wrapper.xcdatamodel;
		};
/* End XCVersionGroup section */
	};
	rootObject = 0E31BE401C493A6C00EAD45A /* Project object */;
}
